
Microsoft Visual Studio Solution File, Format Version 12.00
# Visual Studio Version 17
VisualStudioVersion = 17.7.34024.191
MinimumVisualStudioVersion = 10.0.40219.1
Project("{FAE04EC0-301F-11D3-BF4B-00C04F79EFBC}") = "DemoCryptageEtHashage", "DemoCryptageEtHashage\DemoCryptageEtHashage.csproj", "{F8D33E4A-A219-4C76-8B84-CC4289FA76AB}"
EndProject
Project("{FAE04EC0-301F-11D3-BF4B-00C04F79EFBC}") = "Tools.Crypto", "Tools.Crypto\Tools.Crypto.csproj", "{5188DFF6-7C95-4D65-A55D-8BC631FF93DD}"
EndProject
Global
	GlobalSection(SolutionConfigurationPlatforms) = preSolution
		Debug|Any CPU = Debug|Any CPU
		Release|Any CPU = Release|Any CPU
	EndGlobalSection
	GlobalSection(ProjectConfigurationPlatforms) = postSolution
		{F8D33E4A-A219-4C76-8B84-CC4289FA76AB}.Debug|Any CPU.ActiveCfg = Debug|Any CPU
		{F8D33E4A-A219-4C76-8B84-CC4289FA76AB}.Debug|Any CPU.Build.0 = Debug|Any CPU
		{F8D33E4A-A219-4C76-8B84-CC4289FA76AB}.Release|Any CPU.ActiveCfg = Release|Any CPU
		{F8D33E4A-A219-4C76-8B84-CC4289FA76AB}.Release|Any CPU.Build.0 = Release|Any CPU
		{5188DFF6-7C95-4D65-A55D-8BC631FF93DD}.Debug|Any CPU.ActiveCfg = Debug|Any CPU
		{5188DFF6-7C95-4D65-A55D-8BC631FF93DD}.Debug|Any CPU.Build.0 = Debug|Any CPU
		{5188DFF6-7C95-4D65-A55D-8BC631FF93DD}.Release|Any CPU.ActiveCfg = Release|Any CPU
		{5188DFF6-7C95-4D65-A55D-8BC631FF93DD}.Release|Any CPU.Build.0 = Release|Any CPU
	EndGlobalSection
	GlobalSection(SolutionProperties) = preSolution
		HideSolutionNode = FALSE
	EndGlobalSection
	GlobalSection(ExtensibilityGlobals) = postSolution
		SolutionGuid = {24BE1FD2-B1D6-4BD7-97E9-96ECFA6EBE29}
	EndGlobalSection
EndGlobal
